
Microsoft Visual Studio Solution File, Format Version 12.00
# Visual Studio Version 16
VisualStudioVersion = 16.0.30225.117
MinimumVisualStudioVersion = 10.0.40219.1
Project("{FAE04EC0-301F-11D3-BF4B-00C04F79EFBC}") = "Dapper.ContribPlus", "Dapper.ContribPlus\Dapper.ContribPlus.csproj", "{B81AC594-F0D1-4230-8BC3-734857271929}"
EndProject
Global
	GlobalSection(SolutionConfigurationPlatforms) = preSolution
		Debug|Any CPU = Debug|Any CPU
		Release|Any CPU = Release|Any CPU
	EndGlobalSection
	GlobalSection(ProjectConfigurationPlatforms) = postSolution
		{B81AC594-F0D1-4230-8BC3-734857271929}.Debug|Any CPU.ActiveCfg = Debug|Any CPU
		{B81AC594-F0D1-4230-8BC3-734857271929}.Debug|Any CPU.Build.0 = Debug|Any CPU
		{B81AC594-F0D1-4230-8BC3-734857271929}.Release|Any CPU.ActiveCfg = Release|Any CPU
		{B81AC594-F0D1-4230-8BC3-734857271929}.Release|Any CPU.Build.0 = Release|Any CPU
	EndGlobalSection
	GlobalSection(SolutionProperties) = preSolution
		HideSolutionNode = FALSE
	EndGlobalSection
	GlobalSection(ExtensibilityGlobals) = postSolution
		SolutionGuid = {ADC102E4-F146-4F0E-813B-E8EBB1F788D3}
	EndGlobalSection
EndGlobal
